{
  "name": "handwrite-sync",
  "version": "1.0.0",
  "lockfileVersion": 3,
  "requires": true,
  "packages": {
    "": {
      "name": "handwrite-sync",
      "version": "1.0.0",
      "dependencies": {
        "@edgeone/pages-blob": "0.0.16"
      }
    },
    "node_modules/@edgeone/pages-blob": {
      "version": "0.0.16",
      "resolved": "https://registry.npmmirror.com/@edgeone/pages-blob/-/pages-blob-0.0.16.tgz",
      "integrity": "sha512-Qk3SHTSvCF7awlKsG5t45FolHd8kVH44yJKeXM21qNq8A1I1mTGUuQWa+j4shwuBdgQTvRHTFBbQxAvKqiR22A==",
      "license": "MIT",
      "engines": {
        "node": ">=18.0.0"
      }
    }
  }
}
